{
  "name": "NSU Audit 2",
  "lockfileVersion": 3,
  "requires": true,
  "packages": {
    "": {
      "dependencies": {
        "@lydell/node-pty-win32-x64": "^1.2.0-beta.10"
      }
    },
    "node_modules/@lydell/node-pty-win32-x64": {
      "version": "1.2.0-beta.10",
      "resolved": "https://registry.npmjs.org/@lydell/node-pty-win32-x64/-/node-pty-win32-x64-1.2.0-beta.10.tgz",
      "integrity": "sha512-ExFgWrzyldNAMi45U9PLIOu+g/RatP+f0c/dZxaooifME6yLW32BoHveH26/TtoAjZyJrc2iL0u48pgnR1fzmg==",
      "cpu": [
        "x64"
      ],
      "license": "MIT",
      "os": [
        "win32"
      ]
    }
  }
}
